
Microsoft Visual Studio Solution File, Format Version 12.00
# Visual Studio Version 16
VisualStudioVersion = 16.0.31729.503
MinimumVisualStudioVersion = 10.0.40219.1
Project("{FAE04EC0-301F-11D3-BF4B-00C04F79EFBC}") = "ServerApp", "ServerApp\ServerApp.csproj", "{FEF201D9-438B-4F8D-B4FF-267D88E952E1}"
EndProject
Global
	GlobalSection(SolutionConfigurationPlatforms) = preSolution
		Debug|Any CPU = Debug|Any CPU
		Release|Any CPU = Release|Any CPU
	EndGlobalSection
	GlobalSection(ProjectConfigurationPlatforms) = postSolution
		{FEF201D9-438B-4F8D-B4FF-267D88E952E1}.Debug|Any CPU.ActiveCfg = Debug|Any CPU
		{FEF201D9-438B-4F8D-B4FF-267D88E952E1}.Debug|Any CPU.Build.0 = Debug|Any CPU
		{FEF201D9-438B-4F8D-B4FF-267D88E952E1}.Release|Any CPU.ActiveCfg = Release|Any CPU
		{FEF201D9-438B-4F8D-B4FF-267D88E952E1}.Release|Any CPU.Build.0 = Release|Any CPU
	EndGlobalSection
	GlobalSection(SolutionProperties) = preSolution
		HideSolutionNode = FALSE
	EndGlobalSection
	GlobalSection(ExtensibilityGlobals) = postSolution
		SolutionGuid = {F05AA14F-B9EA-42F0-9DC9-F19B37D0E6B1}
	EndGlobalSection
EndGlobal
